
Microsoft Visual Studio Solution File, Format Version 12.00
# Visual Studio Version 17
VisualStudioVersion = 17.4.33110.190
MinimumVisualStudioVersion = 10.0.40219.1
Project("{9A19103F-16F7-4668-BE54-9A1E7A4F7556}") = "CKK.Logic", "CKK.Logic\CKK.Logic.csproj", "{12529EEB-DF55-4FF7-B1E2-7662D6EAA163}"
EndProject
Project("{9A19103F-16F7-4668-BE54-9A1E7A4F7556}") = "CoreysKnickKnacksWPFForm", "CoreysKnickKnacksWPFForm\CoreysKnickKnacksWPFForm.csproj", "{695BAB4A-F7A4-41C2-A076-B70F7741DA99}"
EndProject
Project("{9A19103F-16F7-4668-BE54-9A1E7A4F7556}") = "CKK.Persistance", "CKK.Persistance\CKK.Persistance.csproj", "{3FAAE2A9-1594-45BE-AE70-775762E0F0DA}"
EndProject
Project("{9A19103F-16F7-4668-BE54-9A1E7A4F7556}") = "CKK.DB", "CKK.DB\CKK.DB.csproj", "{6E037994-C22F-4E8F-ADE9-5542C3F3FDB9}"
EndProject
Project("{9A19103F-16F7-4668-BE54-9A1E7A4F7556}") = "ModelsTest", "TestProject1\ModelsTest.csproj", "{E6C7D3BA-20C5-45CA-8464-8F7DFAC7BD6D}"
EndProject
Project("{2150E333-8FDC-42A3-9474-1A3956D46DE8}") = "Solution Items", "Solution Items", "{AD11A056-57A4-475F-9DD8-71D241941CDE}"
	ProjectSection(SolutionItems) = preProject
		.editorconfig = .editorconfig
	EndProjectSection
EndProject
Project("{FAE04EC0-301F-11D3-BF4B-00C04F79EFBC}") = "CoreysKnickKnacks", "CoreysKnickKnacks\CoreysKnickKnacks.csproj", "{8C6B9665-EFB8-4448-BCAF-89F52A849D6A}"
EndProject
Global
	GlobalSection(SolutionConfigurationPlatforms) = preSolution
		Debug|Any CPU = Debug|Any CPU
		Release|Any CPU = Release|Any CPU
	EndGlobalSection
	GlobalSection(ProjectConfigurationPlatforms) = postSolution
		{12529EEB-DF55-4FF7-B1E2-7662D6EAA163}.Debug|Any CPU.ActiveCfg = Debug|Any CPU
		{12529EEB-DF55-4FF7-B1E2-7662D6EAA163}.Debug|Any CPU.Build.0 = Debug|Any CPU
		{12529EEB-DF55-4FF7-B1E2-7662D6EAA163}.Release|Any CPU.ActiveCfg = Release|Any CPU
		{12529EEB-DF55-4FF7-B1E2-7662D6EAA163}.Release|Any CPU.Build.0 = Release|Any CPU
		{695BAB4A-F7A4-41C2-A076-B70F7741DA99}.Debug|Any CPU.ActiveCfg = Debug|Any CPU
		{695BAB4A-F7A4-41C2-A076-B70F7741DA99}.Debug|Any CPU.Build.0 = Debug|Any CPU
		{695BAB4A-F7A4-41C2-A076-B70F7741DA99}.Release|Any CPU.ActiveCfg = Release|Any CPU
		{695BAB4A-F7A4-41C2-A076-B70F7741DA99}.Release|Any CPU.Build.0 = Release|Any CPU
		{3FAAE2A9-1594-45BE-AE70-775762E0F0DA}.Debug|Any CPU.ActiveCfg = Debug|Any CPU
		{3FAAE2A9-1594-45BE-AE70-775762E0F0DA}.Debug|Any CPU.Build.0 = Debug|Any CPU
		{3FAAE2A9-1594-45BE-AE70-775762E0F0DA}.Release|Any CPU.ActiveCfg = Release|Any CPU
		{3FAAE2A9-1594-45BE-AE70-775762E0F0DA}.Release|Any CPU.Build.0 = Release|Any CPU
		{6E037994-C22F-4E8F-ADE9-5542C3F3FDB9}.Debug|Any CPU.ActiveCfg = Debug|Any CPU
		{6E037994-C22F-4E8F-ADE9-5542C3F3FDB9}.Debug|Any CPU.Build.0 = Debug|Any CPU
		{6E037994-C22F-4E8F-ADE9-5542C3F3FDB9}.Release|Any CPU.ActiveCfg = Release|Any CPU
		{6E037994-C22F-4E8F-ADE9-5542C3F3FDB9}.Release|Any CPU.Build.0 = Release|Any CPU
		{E6C7D3BA-20C5-45CA-8464-8F7DFAC7BD6D}.Debug|Any CPU.ActiveCfg = Debug|Any CPU
		{E6C7D3BA-20C5-45CA-8464-8F7DFAC7BD6D}.Debug|Any CPU.Build.0 = Debug|Any CPU
		{E6C7D3BA-20C5-45CA-8464-8F7DFAC7BD6D}.Release|Any CPU.ActiveCfg = Release|Any CPU
		{E6C7D3BA-20C5-45CA-8464-8F7DFAC7BD6D}.Release|Any CPU.Build.0 = Release|Any CPU
		{8C6B9665-EFB8-4448-BCAF-89F52A849D6A}.Debug|Any CPU.ActiveCfg = Debug|Any CPU
		{8C6B9665-EFB8-4448-BCAF-89F52A849D6A}.Debug|Any CPU.Build.0 = Debug|Any CPU
		{8C6B9665-EFB8-4448-BCAF-89F52A849D6A}.Release|Any CPU.ActiveCfg = Release|Any CPU
		{8C6B9665-EFB8-4448-BCAF-89F52A849D6A}.Release|Any CPU.Build.0 = Release|Any CPU
	EndGlobalSection
	GlobalSection(SolutionProperties) = preSolution
		HideSolutionNode = FALSE
	EndGlobalSection
	GlobalSection(ExtensibilityGlobals) = postSolution
		SolutionGuid = {91A82932-FD76-40BD-8784-CB8CFBF26388}
	EndGlobalSection
EndGlobal
